
Microsoft Visual Studio Solution File, Format Version 12.00
# Visual Studio Version 16
VisualStudioVersion = 16.0.29403.142
MinimumVisualStudioVersion = 10.0.40219.1
Project("{FAE04EC0-301F-11D3-BF4B-00C04F79EFBC}") = "ParkingLocator.Mobile.Android", "ParkingLocator.Mobile\ParkingLocator.Mobile.Android\ParkingLocator.Mobile.Android.csproj", "{62EBD38E-F7DB-47C4-869D-4A290D10CBD0}"
EndProject
Project("{FAE04EC0-301F-11D3-BF4B-00C04F79EFBC}") = "ParkingLocator.Mobile.iOS", "ParkingLocator.Mobile\ParkingLocator.Mobile.iOS\ParkingLocator.Mobile.iOS.csproj", "{F1897317-255C-4CAC-A330-EB3B5D335C94}"
EndProject
Project("{FAE04EC0-301F-11D3-BF4B-00C04F79EFBC}") = "ParkingLocator.Mobile", "ParkingLocator.Mobile\ParkingLocator.Mobile\ParkingLocator.Mobile.csproj", "{AFA98372-C30B-4276-BED0-F6D52C9E6B4B}"
EndProject
Global
	GlobalSection(SolutionConfigurationPlatforms) = preSolution
		Debug|Any CPU = Debug|Any CPU
		Debug|iPhone = Debug|iPhone
		Debug|iPhoneSimulator = Debug|iPhoneSimulator
		Release|Any CPU = Release|Any CPU
		Release|iPhone = Release|iPhone
		Release|iPhoneSimulator = Release|iPhoneSimulator
	EndGlobalSection
	GlobalSection(ProjectConfigurationPlatforms) = postSolution
		{62EBD38E-F7DB-47C4-869D-4A290D10CBD0}.Debug|Any CPU.ActiveCfg = Debug|Any CPU
		{62EBD38E-F7DB-47C4-869D-4A290D10CBD0}.Debug|Any CPU.Build.0 = Debug|Any CPU
		{62EBD38E-F7DB-47C4-869D-4A290D10CBD0}.Debug|Any CPU.Deploy.0 = Debug|Any CPU
		{62EBD38E-F7DB-47C4-869D-4A290D10CBD0}.Debug|iPhone.ActiveCfg = Debug|Any CPU
		{62EBD38E-F7DB-47C4-869D-4A290D10CBD0}.Debug|iPhone.Build.0 = Debug|Any CPU
		{62EBD38E-F7DB-47C4-869D-4A290D10CBD0}.Debug|iPhone.Deploy.0 = Debug|Any CPU
		{62EBD38E-F7DB-47C4-869D-4A290D10CBD0}.Debug|iPhoneSimulator.ActiveCfg = Debug|Any CPU
		{62EBD38E-F7DB-47C4-869D-4A290D10CBD0}.Debug|iPhoneSimulator.Build.0 = Debug|Any CPU
		{62EBD38E-F7DB-47C4-869D-4A290D10CBD0}.Debug|iPhoneSimulator.Deploy.0 = Debug|Any CPU
		{62EBD38E-F7DB-47C4-869D-4A290D10CBD0}.Release|Any CPU.ActiveCfg = Release|Any CPU
		{62EBD38E-F7DB-47C4-869D-4A290D10CBD0}.Release|Any CPU.Build.0 = Release|Any CPU
		{62EBD38E-F7DB-47C4-869D-4A290D10CBD0}.Release|Any CPU.Deploy.0 = Release|Any CPU
		{62EBD38E-F7DB-47C4-869D-4A290D10CBD0}.Release|iPhone.ActiveCfg = Release|Any CPU
		{62EBD38E-F7DB-47C4-869D-4A290D10CBD0}.Release|iPhone.Build.0 = Release|Any CPU
		{62EBD38E-F7DB-47C4-869D-4A290D10CBD0}.Release|iPhone.Deploy.0 = Release|Any CPU
		{62EBD38E-F7DB-47C4-869D-4A290D10CBD0}.Release|iPhoneSimulator.ActiveCfg = Release|Any CPU
		{62EBD38E-F7DB-47C4-869D-4A290D10CBD0}.Release|iPhoneSimulator.Build.0 = Release|Any CPU
		{62EBD38E-F7DB-47C4-869D-4A290D10CBD0}.Release|iPhoneSimulator.Deploy.0 = Release|Any CPU
		{F1897317-255C-4CAC-A330-EB3B5D335C94}.Debug|Any CPU.ActiveCfg = Debug|iPhoneSimulator
		{F1897317-255C-4CAC-A330-EB3B5D335C94}.Debug|Any CPU.Build.0 = Debug|iPhoneSimulator
		{F1897317-255C-4CAC-A330-EB3B5D335C94}.Debug|Any CPU.Deploy.0 = Debug|iPhoneSimulator
		{F1897317-255C-4CAC-A330-EB3B5D335C94}.Debug|iPhone.ActiveCfg = Debug|iPhone
		{F1897317-255C-4CAC-A330-EB3B5D335C94}.Debug|iPhone.Build.0 = Debug|iPhone
		{F1897317-255C-4CAC-A330-EB3B5D335C94}.Debug|iPhone.Deploy.0 = Debug|iPhone
		{F1897317-255C-4CAC-A330-EB3B5D335C94}.Debug|iPhoneSimulator.ActiveCfg = Debug|iPhoneSimulator
		{F1897317-255C-4CAC-A330-EB3B5D335C94}.Debug|iPhoneSimulator.Build.0 = Debug|iPhoneSimulator
		{F1897317-255C-4CAC-A330-EB3B5D335C94}.Debug|iPhoneSimulator.Deploy.0 = Debug|iPhoneSimulator
		{F1897317-255C-4CAC-A330-EB3B5D335C94}.Release|Any CPU.ActiveCfg = Release|iPhone
		{F1897317-255C-4CAC-A330-EB3B5D335C94}.Release|Any CPU.Build.0 = Release|iPhone
		{F1897317-255C-4CAC-A330-EB3B5D335C94}.Release|Any CPU.Deploy.0 = Release|iPhone
		{F1897317-255C-4CAC-A330-EB3B5D335C94}.Release|iPhone.ActiveCfg = Release|iPhone
		{F1897317-255C-4CAC-A330-EB3B5D335C94}.Release|iPhone.Build.0 = Release|iPhone
		{F1897317-255C-4CAC-A330-EB3B5D335C94}.Release|iPhone.Deploy.0 = Release|iPhone
		{F1897317-255C-4CAC-A330-EB3B5D335C94}.Release|iPhoneSimulator.ActiveCfg = Release|iPhoneSimulator
		{F1897317-255C-4CAC-A330-EB3B5D335C94}.Release|iPhoneSimulator.Build.0 = Release|iPhoneSimulator
		{F1897317-255C-4CAC-A330-EB3B5D335C94}.Release|iPhoneSimulator.Deploy.0 = Release|iPhoneSimulator
		{AFA98372-C30B-4276-BED0-F6D52C9E6B4B}.Debug|Any CPU.ActiveCfg = Debug|Any CPU
		{AFA98372-C30B-4276-BED0-F6D52C9E6B4B}.Debug|Any CPU.Build.0 = Debug|Any CPU
		{AFA98372-C30B-4276-BED0-F6D52C9E6B4B}.Debug|Any CPU.Deploy.0 = Debug|Any CPU
		{AFA98372-C30B-4276-BED0-F6D52C9E6B4B}.Debug|iPhone.ActiveCfg = Debug|Any CPU
		{AFA98372-C30B-4276-BED0-F6D52C9E6B4B}.Debug|iPhone.Build.0 = Debug|Any CPU
		{AFA98372-C30B-4276-BED0-F6D52C9E6B4B}.Debug|iPhone.Deploy.0 = Debug|Any CPU
		{AFA98372-C30B-4276-BED0-F6D52C9E6B4B}.Debug|iPhoneSimulator.ActiveCfg = Debug|Any CPU
		{AFA98372-C30B-4276-BED0-F6D52C9E6B4B}.Debug|iPhoneSimulator.Build.0 = Debug|Any CPU
		{AFA98372-C30B-4276-BED0-F6D52C9E6B4B}.Debug|iPhoneSimulator.Deploy.0 = Debug|Any CPU
		{AFA98372-C30B-4276-BED0-F6D52C9E6B4B}.Release|Any CPU.ActiveCfg = Release|Any CPU
		{AFA98372-C30B-4276-BED0-F6D52C9E6B4B}.Release|Any CPU.Build.0 = Release|Any CPU
		{AFA98372-C30B-4276-BED0-F6D52C9E6B4B}.Release|Any CPU.Deploy.0 = Release|Any CPU
		{AFA98372-C30B-4276-BED0-F6D52C9E6B4B}.Release|iPhone.ActiveCfg = Release|Any CPU
		{AFA98372-C30B-4276-BED0-F6D52C9E6B4B}.Release|iPhone.Build.0 = Release|Any CPU
		{AFA98372-C30B-4276-BED0-F6D52C9E6B4B}.Release|iPhone.Deploy.0 = Release|Any CPU
		{AFA98372-C30B-4276-BED0-F6D52C9E6B4B}.Release|iPhoneSimulator.ActiveCfg = Release|Any CPU
		{AFA98372-C30B-4276-BED0-F6D52C9E6B4B}.Release|iPhoneSimulator.Build.0 = Release|Any CPU
		{AFA98372-C30B-4276-BED0-F6D52C9E6B4B}.Release|iPhoneSimulator.Deploy.0 = Release|Any CPU
	EndGlobalSection
	GlobalSection(SolutionProperties) = preSolution
		HideSolutionNode = FALSE
	EndGlobalSection
	GlobalSection(ExtensibilityGlobals) = postSolution
		SolutionGuid = {6795E042-80C2-40C5-A362-1A275927AEBF}
	EndGlobalSection
EndGlobal
